
Microsoft Visual Studio Solution File, Format Version 12.00
# Visual Studio Version 17
VisualStudioVersion = 17.0.31903.59
MinimumVisualStudioVersion = 10.0.40219.1
Project("{FAE04EC0-301F-11D3-BF4B-00C04F79EFBC}") = "mdm.api", "mdm.api\mdm.api.csproj", "{814F9E84-5B73-491F-B0A9-02FDDEE202B4}"
EndProject
Project("{FAE04EC0-301F-11D3-BF4B-00C04F79EFBC}") = "mdm.domain", "mdm.domain\mdm.domain.csproj", "{161FC10C-B7B8-47B8-B784-AD8CE6EDE72F}"
EndProject
Project("{FAE04EC0-301F-11D3-BF4B-00C04F79EFBC}") = "mdm.infrastructure", "mdm.infrastructure\mdm.infrastructure.csproj", "{2D717B06-ADCD-4DFB-AFDA-B0BAC10FCF42}"
EndProject
Project("{FAE04EC0-301F-11D3-BF4B-00C04F79EFBC}") = "mdm.application", "mdm.application\mdm.application.csproj", "{D6BC882E-A0F1-4490-BBCC-6C4B785ECB40}"
EndProject
Global
	GlobalSection(SolutionConfigurationPlatforms) = preSolution
		Debug|Any CPU = Debug|Any CPU
		Release|Any CPU = Release|Any CPU
	EndGlobalSection
	GlobalSection(SolutionProperties) = preSolution
		HideSolutionNode = FALSE
	EndGlobalSection
	GlobalSection(ProjectConfigurationPlatforms) = postSolution
		{814F9E84-5B73-491F-B0A9-02FDDEE202B4}.Debug|Any CPU.ActiveCfg = Debug|Any CPU
		{814F9E84-5B73-491F-B0A9-02FDDEE202B4}.Debug|Any CPU.Build.0 = Debug|Any CPU
		{814F9E84-5B73-491F-B0A9-02FDDEE202B4}.Release|Any CPU.ActiveCfg = Release|Any CPU
		{814F9E84-5B73-491F-B0A9-02FDDEE202B4}.Release|Any CPU.Build.0 = Release|Any CPU
		{161FC10C-B7B8-47B8-B784-AD8CE6EDE72F}.Debug|Any CPU.ActiveCfg = Debug|Any CPU
		{161FC10C-B7B8-47B8-B784-AD8CE6EDE72F}.Debug|Any CPU.Build.0 = Debug|Any CPU
		{161FC10C-B7B8-47B8-B784-AD8CE6EDE72F}.Release|Any CPU.ActiveCfg = Release|Any CPU
		{161FC10C-B7B8-47B8-B784-AD8CE6EDE72F}.Release|Any CPU.Build.0 = Release|Any CPU
		{2D717B06-ADCD-4DFB-AFDA-B0BAC10FCF42}.Debug|Any CPU.ActiveCfg = Debug|Any CPU
		{2D717B06-ADCD-4DFB-AFDA-B0BAC10FCF42}.Debug|Any CPU.Build.0 = Debug|Any CPU
		{2D717B06-ADCD-4DFB-AFDA-B0BAC10FCF42}.Release|Any CPU.ActiveCfg = Release|Any CPU
		{2D717B06-ADCD-4DFB-AFDA-B0BAC10FCF42}.Release|Any CPU.Build.0 = Release|Any CPU
		{D6BC882E-A0F1-4490-BBCC-6C4B785ECB40}.Debug|Any CPU.ActiveCfg = Debug|Any CPU
		{D6BC882E-A0F1-4490-BBCC-6C4B785ECB40}.Debug|Any CPU.Build.0 = Debug|Any CPU
		{D6BC882E-A0F1-4490-BBCC-6C4B785ECB40}.Release|Any CPU.ActiveCfg = Release|Any CPU
		{D6BC882E-A0F1-4490-BBCC-6C4B785ECB40}.Release|Any CPU.Build.0 = Release|Any CPU
	EndGlobalSection
EndGlobal
